
Microsoft Visual Studio Solution File, Format Version 12.00
# Visual Studio 14
VisualStudioVersion = 14.0.25420.1
MinimumVisualStudioVersion = 10.0.40219.1
Project("{FAE04EC0-301F-11D3-BF4B-00C04F79EFBC}") = "PhanTanDat-b5-b1-Client", "PhanTanDat-b5-b1-Client\PhanTanDat-b5-b1-Client.csproj", "{DB444766-5943-4D0E-B1AF-083A8445712F}"
EndProject
Project("{FAE04EC0-301F-11D3-BF4B-00C04F79EFBC}") = "PhanTanDat-b5-b1-Server", "PhanTanDat-b5-b1-Server\PhanTanDat-b5-b1-Server.csproj", "{5798F8FD-3583-4229-B446-A0B92D2A936F}"
EndProject
Project("{FAE04EC0-301F-11D3-BF4B-00C04F79EFBC}") = "PhanTanDat-b5-b3-DNSServer", "PhanTanDat-b5-b3-DNSServer\PhanTanDat-b5-b3-DNSServer.csproj", "{6E70228A-6F78-4DAD-AE97-821D52F6ACED}"
EndProject
Project("{FAE04EC0-301F-11D3-BF4B-00C04F79EFBC}") = "PhanTanDat-b5-b3-DNSClient", "PhanTanDat-b5-b3-DNSClient\PhanTanDat-b5-b3-DNSClient.csproj", "{1013B17A-721F-4084-A3C5-9CCA37C9022A}"
EndProject
Global
	GlobalSection(SolutionConfigurationPlatforms) = preSolution
		Debug|Any CPU = Debug|Any CPU
		Release|Any CPU = Release|Any CPU
	EndGlobalSection
	GlobalSection(ProjectConfigurationPlatforms) = postSolution
		{DB444766-5943-4D0E-B1AF-083A8445712F}.Debug|Any CPU.ActiveCfg = Debug|Any CPU
		{DB444766-5943-4D0E-B1AF-083A8445712F}.Debug|Any CPU.Build.0 = Debug|Any CPU
		{DB444766-5943-4D0E-B1AF-083A8445712F}.Release|Any CPU.ActiveCfg = Release|Any CPU
		{DB444766-5943-4D0E-B1AF-083A8445712F}.Release|Any CPU.Build.0 = Release|Any CPU
		{5798F8FD-3583-4229-B446-A0B92D2A936F}.Debug|Any CPU.ActiveCfg = Debug|Any CPU
		{5798F8FD-3583-4229-B446-A0B92D2A936F}.Debug|Any CPU.Build.0 = Debug|Any CPU
		{5798F8FD-3583-4229-B446-A0B92D2A936F}.Release|Any CPU.ActiveCfg = Release|Any CPU
		{5798F8FD-3583-4229-B446-A0B92D2A936F}.Release|Any CPU.Build.0 = Release|Any CPU
		{6E70228A-6F78-4DAD-AE97-821D52F6ACED}.Debug|Any CPU.ActiveCfg = Debug|Any CPU
		{6E70228A-6F78-4DAD-AE97-821D52F6ACED}.Debug|Any CPU.Build.0 = Debug|Any CPU
		{6E70228A-6F78-4DAD-AE97-821D52F6ACED}.Release|Any CPU.ActiveCfg = Release|Any CPU
		{6E70228A-6F78-4DAD-AE97-821D52F6ACED}.Release|Any CPU.Build.0 = Release|Any CPU
		{1013B17A-721F-4084-A3C5-9CCA37C9022A}.Debug|Any CPU.ActiveCfg = Debug|Any CPU
		{1013B17A-721F-4084-A3C5-9CCA37C9022A}.Debug|Any CPU.Build.0 = Debug|Any CPU
		{1013B17A-721F-4084-A3C5-9CCA37C9022A}.Release|Any CPU.ActiveCfg = Release|Any CPU
		{1013B17A-721F-4084-A3C5-9CCA37C9022A}.Release|Any CPU.Build.0 = Release|Any CPU
	EndGlobalSection
	GlobalSection(SolutionProperties) = preSolution
		HideSolutionNode = FALSE
	EndGlobalSection
EndGlobal
